
Microsoft Visual Studio Solution File, Format Version 12.00
# Visual Studio Version 17
VisualStudioVersion = 17.6.33829.357
MinimumVisualStudioVersion = 10.0.40219.1
Project("{9A19103F-16F7-4668-BE54-9A1E7A4F7556}") = "SimpleApi", "SimpleApi\SimpleApi.csproj", "{2A4D6153-B4F4-45B1-BFA8-CC6DEA3D3368}"
EndProject
Project("{FAE04EC0-301F-11D3-BF4B-00C04F79EFBC}") = "SimpleUI", "SimpleUI\SimpleUI.csproj", "{C95D469A-A67C-4EE8-A308-56EB836F5E59}"
EndProject
Global
	GlobalSection(SolutionConfigurationPlatforms) = preSolution
		Debug|Any CPU = Debug|Any CPU
		Release|Any CPU = Release|Any CPU
	EndGlobalSection
	GlobalSection(ProjectConfigurationPlatforms) = postSolution
		{2A4D6153-B4F4-45B1-BFA8-CC6DEA3D3368}.Debug|Any CPU.ActiveCfg = Debug|Any CPU
		{2A4D6153-B4F4-45B1-BFA8-CC6DEA3D3368}.Debug|Any CPU.Build.0 = Debug|Any CPU
		{2A4D6153-B4F4-45B1-BFA8-CC6DEA3D3368}.Release|Any CPU.ActiveCfg = Release|Any CPU
		{2A4D6153-B4F4-45B1-BFA8-CC6DEA3D3368}.Release|Any CPU.Build.0 = Release|Any CPU
		{C95D469A-A67C-4EE8-A308-56EB836F5E59}.Debug|Any CPU.ActiveCfg = Debug|Any CPU
		{C95D469A-A67C-4EE8-A308-56EB836F5E59}.Debug|Any CPU.Build.0 = Debug|Any CPU
		{C95D469A-A67C-4EE8-A308-56EB836F5E59}.Release|Any CPU.ActiveCfg = Release|Any CPU
		{C95D469A-A67C-4EE8-A308-56EB836F5E59}.Release|Any CPU.Build.0 = Release|Any CPU
	EndGlobalSection
	GlobalSection(SolutionProperties) = preSolution
		HideSolutionNode = FALSE
	EndGlobalSection
	GlobalSection(ExtensibilityGlobals) = postSolution
		SolutionGuid = {312D4E66-D6FE-4AC8-8C5D-98513611A99C}
	EndGlobalSection
EndGlobal
